
Microsoft Visual Studio Solution File, Format Version 12.00
# Visual Studio Version 17
VisualStudioVersion = 17.13.35913.81
MinimumVisualStudioVersion = 10.0.40219.1
Project("{FAE04EC0-301F-11D3-BF4B-00C04F79EFBC}") = "RealEstateAnalyzer.Domain", "RealEstateAnalyzer.Domain\RealEstateAnalyzer.Domain.csproj", "{6D6D1AB2-A948-4290-A293-3D15DB0A0893}"
EndProject
Project("{FAE04EC0-301F-11D3-BF4B-00C04F79EFBC}") = "RealEstateAnalyzer.Application", "RealEstateAnalyzer.Application\RealEstateAnalyzer.Application.csproj", "{9280C8FA-30E9-4191-994E-C02F60A94EED}"
EndProject
Project("{FAE04EC0-301F-11D3-BF4B-00C04F79EFBC}") = "RealEstateAnalyzer.Infrastructure", "RealEstateAnalyzer.Infrastructure\RealEstateAnalyzer.Infrastructure.csproj", "{31E6C7D7-AF54-4910-B2AA-BE53568260CC}"
EndProject
Project("{FAE04EC0-301F-11D3-BF4B-00C04F79EFBC}") = "RealEstateAnalyzer.Api", "RealEstateAnalyzer.Api\RealEstateAnalyzer.Api.csproj", "{0DDA0964-F0A2-6E80-B028-D6C586193DB0}"
EndProject
Project("{FAE04EC0-301F-11D3-BF4B-00C04F79EFBC}") = "RealEstateAnalyzer.Infrastructure.Hangfire", "RealEstateAnalyzer.Hangfire\RealEstateAnalyzer.Infrastructure.Hangfire.csproj", "{6AB6B7B1-B24A-4024-ABA2-034886936AE0}"
EndProject
Project("{FAE04EC0-301F-11D3-BF4B-00C04F79EFBC}") = "RealEstateAnalyzer.Infrastructure.Redis", "RealEstateAnalyzer.Infrastructure.Redis\RealEstateAnalyzer.Infrastructure.Redis.csproj", "{9E3E9D0F-168C-4586-A056-FE5253FE9EC6}"
EndProject
Project("{E53339B2-1760-4266-BCC7-CA923CBCF16C}") = "docker-compose", "docker-compose.dcproj", "{81DDED9D-158B-E303-5F62-77A2896D2A5A}"
EndProject
Project("{FAE04EC0-301F-11D3-BF4B-00C04F79EFBC}") = "RealEstateAnalyzer.Application.Abstractions", "RealEstateAnalyzer.Application.Abstractions\RealEstateAnalyzer.Application.Abstractions.csproj", "{BBEE08D8-4928-5AE0-2850-4C3DA53C4005}"
EndProject
Project("{FAE04EC0-301F-11D3-BF4B-00C04F79EFBC}") = "RealEstateAnalyzer.WebScraping.Domain", "RealEstateAnalyzer.WebScraping.Domain\RealEstateAnalyzer.WebScraping.Domain.csproj", "{A93C4524-9BFF-6CC7-61CE-806DF03943E1}"
EndProject
Project("{FAE04EC0-301F-11D3-BF4B-00C04F79EFBC}") = "RealEstateAnalyzer.WebScraping", "RealEstateAnalyzer.WebScraping\RealEstateAnalyzer.WebScraping.csproj", "{6A24CE39-2BC4-232E-D3E3-EFA008714A74}"
EndProject
Project("{FAE04EC0-301F-11D3-BF4B-00C04F79EFBC}") = "RealEstateAnalyzer.WebScraping.Abstractions", "RealEstateAnalyzer.WebScraping.Abstractions\RealEstateAnalyzer.WebScraping.Abstractions.csproj", "{EA305522-53EE-47AE-A047-0BA419849810}"
EndProject
Project("{FAE04EC0-301F-11D3-BF4B-00C04F79EFBC}") = "RealEstateAnalyzer.Infrastructure.Http", "..\RealEstateAnalyzer.Infrastructure.Http\RealEstateAnalyzer.Infrastructure.Http.csproj", "{6DB6FF23-89AD-4F07-A719-ECBC3B9D5737}"
EndProject
Global
	GlobalSection(SolutionConfigurationPlatforms) = preSolution
		Debug|Any CPU = Debug|Any CPU
		Debug|x64 = Debug|x64
		Debug|x86 = Debug|x86
		Release|Any CPU = Release|Any CPU
		Release|x64 = Release|x64
		Release|x86 = Release|x86
	EndGlobalSection
	GlobalSection(ProjectConfigurationPlatforms) = postSolution
		{6D6D1AB2-A948-4290-A293-3D15DB0A0893}.Debug|Any CPU.ActiveCfg = Debug|Any CPU
		{6D6D1AB2-A948-4290-A293-3D15DB0A0893}.Debug|Any CPU.Build.0 = Debug|Any CPU
		{6D6D1AB2-A948-4290-A293-3D15DB0A0893}.Debug|x64.ActiveCfg = Debug|Any CPU
		{6D6D1AB2-A948-4290-A293-3D15DB0A0893}.Debug|x64.Build.0 = Debug|Any CPU
		{6D6D1AB2-A948-4290-A293-3D15DB0A0893}.Debug|x86.ActiveCfg = Debug|Any CPU
		{6D6D1AB2-A948-4290-A293-3D15DB0A0893}.Debug|x86.Build.0 = Debug|Any CPU
		{6D6D1AB2-A948-4290-A293-3D15DB0A0893}.Release|Any CPU.ActiveCfg = Release|Any CPU
		{6D6D1AB2-A948-4290-A293-3D15DB0A0893}.Release|Any CPU.Build.0 = Release|Any CPU
		{6D6D1AB2-A948-4290-A293-3D15DB0A0893}.Release|x64.ActiveCfg = Release|Any CPU
		{6D6D1AB2-A948-4290-A293-3D15DB0A0893}.Release|x64.Build.0 = Release|Any CPU
		{6D6D1AB2-A948-4290-A293-3D15DB0A0893}.Release|x86.ActiveCfg = Release|Any CPU
		{6D6D1AB2-A948-4290-A293-3D15DB0A0893}.Release|x86.Build.0 = Release|Any CPU
		{9280C8FA-30E9-4191-994E-C02F60A94EED}.Debug|Any CPU.ActiveCfg = Debug|Any CPU
		{9280C8FA-30E9-4191-994E-C02F60A94EED}.Debug|Any CPU.Build.0 = Debug|Any CPU
		{9280C8FA-30E9-4191-994E-C02F60A94EED}.Debug|x64.ActiveCfg = Debug|Any CPU
		{9280C8FA-30E9-4191-994E-C02F60A94EED}.Debug|x64.Build.0 = Debug|Any CPU
		{9280C8FA-30E9-4191-994E-C02F60A94EED}.Debug|x86.ActiveCfg = Debug|Any CPU
		{9280C8FA-30E9-4191-994E-C02F60A94EED}.Debug|x86.Build.0 = Debug|Any CPU
		{9280C8FA-30E9-4191-994E-C02F60A94EED}.Release|Any CPU.ActiveCfg = Release|Any CPU
		{9280C8FA-30E9-4191-994E-C02F60A94EED}.Release|Any CPU.Build.0 = Release|Any CPU
		{9280C8FA-30E9-4191-994E-C02F60A94EED}.Release|x64.ActiveCfg = Release|Any CPU
		{9280C8FA-30E9-4191-994E-C02F60A94EED}.Release|x64.Build.0 = Release|Any CPU
		{9280C8FA-30E9-4191-994E-C02F60A94EED}.Release|x86.ActiveCfg = Release|Any CPU
		{9280C8FA-30E9-4191-994E-C02F60A94EED}.Release|x86.Build.0 = Release|Any CPU
		{31E6C7D7-AF54-4910-B2AA-BE53568260CC}.Debug|Any CPU.ActiveCfg = Debug|Any CPU
		{31E6C7D7-AF54-4910-B2AA-BE53568260CC}.Debug|Any CPU.Build.0 = Debug|Any CPU
		{31E6C7D7-AF54-4910-B2AA-BE53568260CC}.Debug|x64.ActiveCfg = Debug|Any CPU
		{31E6C7D7-AF54-4910-B2AA-BE53568260CC}.Debug|x64.Build.0 = Debug|Any CPU
		{31E6C7D7-AF54-4910-B2AA-BE53568260CC}.Debug|x86.ActiveCfg = Debug|Any CPU
		{31E6C7D7-AF54-4910-B2AA-BE53568260CC}.Debug|x86.Build.0 = Debug|Any CPU
		{31E6C7D7-AF54-4910-B2AA-BE53568260CC}.Release|Any CPU.ActiveCfg = Release|Any CPU
		{31E6C7D7-AF54-4910-B2AA-BE53568260CC}.Release|Any CPU.Build.0 = Release|Any CPU
		{31E6C7D7-AF54-4910-B2AA-BE53568260CC}.Release|x64.ActiveCfg = Release|Any CPU
		{31E6C7D7-AF54-4910-B2AA-BE53568260CC}.Release|x64.Build.0 = Release|Any CPU
		{31E6C7D7-AF54-4910-B2AA-BE53568260CC}.Release|x86.ActiveCfg = Release|Any CPU
		{31E6C7D7-AF54-4910-B2AA-BE53568260CC}.Release|x86.Build.0 = Release|Any CPU
		{0DDA0964-F0A2-6E80-B028-D6C586193DB0}.Debug|Any CPU.ActiveCfg = Debug|Any CPU
		{0DDA0964-F0A2-6E80-B028-D6C586193DB0}.Debug|Any CPU.Build.0 = Debug|Any CPU
		{0DDA0964-F0A2-6E80-B028-D6C586193DB0}.Debug|x64.ActiveCfg = Debug|Any CPU
		{0DDA0964-F0A2-6E80-B028-D6C586193DB0}.Debug|x64.Build.0 = Debug|Any CPU
		{0DDA0964-F0A2-6E80-B028-D6C586193DB0}.Debug|x86.ActiveCfg = Debug|Any CPU
		{0DDA0964-F0A2-6E80-B028-D6C586193DB0}.Debug|x86.Build.0 = Debug|Any CPU
		{0DDA0964-F0A2-6E80-B028-D6C586193DB0}.Release|Any CPU.ActiveCfg = Release|Any CPU
		{0DDA0964-F0A2-6E80-B028-D6C586193DB0}.Release|Any CPU.Build.0 = Release|Any CPU
		{0DDA0964-F0A2-6E80-B028-D6C586193DB0}.Release|x64.ActiveCfg = Release|Any CPU
		{0DDA0964-F0A2-6E80-B028-D6C586193DB0}.Release|x64.Build.0 = Release|Any CPU
		{0DDA0964-F0A2-6E80-B028-D6C586193DB0}.Release|x86.ActiveCfg = Release|Any CPU
		{0DDA0964-F0A2-6E80-B028-D6C586193DB0}.Release|x86.Build.0 = Release|Any CPU
		{6AB6B7B1-B24A-4024-ABA2-034886936AE0}.Debug|Any CPU.ActiveCfg = Debug|Any CPU
		{6AB6B7B1-B24A-4024-ABA2-034886936AE0}.Debug|Any CPU.Build.0 = Debug|Any CPU
		{6AB6B7B1-B24A-4024-ABA2-034886936AE0}.Debug|x64.ActiveCfg = Debug|Any CPU
		{6AB6B7B1-B24A-4024-ABA2-034886936AE0}.Debug|x64.Build.0 = Debug|Any CPU
		{6AB6B7B1-B24A-4024-ABA2-034886936AE0}.Debug|x86.ActiveCfg = Debug|Any CPU
		{6AB6B7B1-B24A-4024-ABA2-034886936AE0}.Debug|x86.Build.0 = Debug|Any CPU
		{6AB6B7B1-B24A-4024-ABA2-034886936AE0}.Release|Any CPU.ActiveCfg = Release|Any CPU
		{6AB6B7B1-B24A-4024-ABA2-034886936AE0}.Release|Any CPU.Build.0 = Release|Any CPU
		{6AB6B7B1-B24A-4024-ABA2-034886936AE0}.Release|x64.ActiveCfg = Release|Any CPU
		{6AB6B7B1-B24A-4024-ABA2-034886936AE0}.Release|x64.Build.0 = Release|Any CPU
		{6AB6B7B1-B24A-4024-ABA2-034886936AE0}.Release|x86.ActiveCfg = Release|Any CPU
		{6AB6B7B1-B24A-4024-ABA2-034886936AE0}.Release|x86.Build.0 = Release|Any CPU
		{9E3E9D0F-168C-4586-A056-FE5253FE9EC6}.Debug|Any CPU.ActiveCfg = Debug|Any CPU
		{9E3E9D0F-168C-4586-A056-FE5253FE9EC6}.Debug|Any CPU.Build.0 = Debug|Any CPU
		{9E3E9D0F-168C-4586-A056-FE5253FE9EC6}.Debug|x64.ActiveCfg = Debug|Any CPU
		{9E3E9D0F-168C-4586-A056-FE5253FE9EC6}.Debug|x64.Build.0 = Debug|Any CPU
		{9E3E9D0F-168C-4586-A056-FE5253FE9EC6}.Debug|x86.ActiveCfg = Debug|Any CPU
		{9E3E9D0F-168C-4586-A056-FE5253FE9EC6}.Debug|x86.Build.0 = Debug|Any CPU
		{9E3E9D0F-168C-4586-A056-FE5253FE9EC6}.Release|Any CPU.ActiveCfg = Release|Any CPU
		{9E3E9D0F-168C-4586-A056-FE5253FE9EC6}.Release|Any CPU.Build.0 = Release|Any CPU
		{9E3E9D0F-168C-4586-A056-FE5253FE9EC6}.Release|x64.ActiveCfg = Release|Any CPU
		{9E3E9D0F-168C-4586-A056-FE5253FE9EC6}.Release|x64.Build.0 = Release|Any CPU
		{9E3E9D0F-168C-4586-A056-FE5253FE9EC6}.Release|x86.ActiveCfg = Release|Any CPU
		{9E3E9D0F-168C-4586-A056-FE5253FE9EC6}.Release|x86.Build.0 = Release|Any CPU
		{81DDED9D-158B-E303-5F62-77A2896D2A5A}.Debug|Any CPU.ActiveCfg = Debug|Any CPU
		{81DDED9D-158B-E303-5F62-77A2896D2A5A}.Debug|Any CPU.Build.0 = Debug|Any CPU
		{81DDED9D-158B-E303-5F62-77A2896D2A5A}.Debug|x64.ActiveCfg = Debug|x64
		{81DDED9D-158B-E303-5F62-77A2896D2A5A}.Debug|x86.ActiveCfg = Debug|x86
		{81DDED9D-158B-E303-5F62-77A2896D2A5A}.Release|Any CPU.ActiveCfg = Release|Any CPU
		{81DDED9D-158B-E303-5F62-77A2896D2A5A}.Release|Any CPU.Build.0 = Release|Any CPU
		{81DDED9D-158B-E303-5F62-77A2896D2A5A}.Release|x64.ActiveCfg = Release|x64
		{81DDED9D-158B-E303-5F62-77A2896D2A5A}.Release|x86.ActiveCfg = Release|x86
		{BBEE08D8-4928-5AE0-2850-4C3DA53C4005}.Debug|Any CPU.ActiveCfg = Debug|Any CPU
		{BBEE08D8-4928-5AE0-2850-4C3DA53C4005}.Debug|Any CPU.Build.0 = Debug|Any CPU
		{BBEE08D8-4928-5AE0-2850-4C3DA53C4005}.Debug|x64.ActiveCfg = Debug|Any CPU
		{BBEE08D8-4928-5AE0-2850-4C3DA53C4005}.Debug|x64.Build.0 = Debug|Any CPU
		{BBEE08D8-4928-5AE0-2850-4C3DA53C4005}.Debug|x86.ActiveCfg = Debug|Any CPU
		{BBEE08D8-4928-5AE0-2850-4C3DA53C4005}.Debug|x86.Build.0 = Debug|Any CPU
		{BBEE08D8-4928-5AE0-2850-4C3DA53C4005}.Release|Any CPU.ActiveCfg = Release|Any CPU
		{BBEE08D8-4928-5AE0-2850-4C3DA53C4005}.Release|Any CPU.Build.0 = Release|Any CPU
		{BBEE08D8-4928-5AE0-2850-4C3DA53C4005}.Release|x64.ActiveCfg = Release|Any CPU
		{BBEE08D8-4928-5AE0-2850-4C3DA53C4005}.Release|x64.Build.0 = Release|Any CPU
		{BBEE08D8-4928-5AE0-2850-4C3DA53C4005}.Release|x86.ActiveCfg = Release|Any CPU
		{BBEE08D8-4928-5AE0-2850-4C3DA53C4005}.Release|x86.Build.0 = Release|Any CPU
		{A93C4524-9BFF-6CC7-61CE-806DF03943E1}.Debug|Any CPU.ActiveCfg = Debug|Any CPU
		{A93C4524-9BFF-6CC7-61CE-806DF03943E1}.Debug|Any CPU.Build.0 = Debug|Any CPU
		{A93C4524-9BFF-6CC7-61CE-806DF03943E1}.Debug|x64.ActiveCfg = Debug|Any CPU
		{A93C4524-9BFF-6CC7-61CE-806DF03943E1}.Debug|x64.Build.0 = Debug|Any CPU
		{A93C4524-9BFF-6CC7-61CE-806DF03943E1}.Debug|x86.ActiveCfg = Debug|Any CPU
		{A93C4524-9BFF-6CC7-61CE-806DF03943E1}.Debug|x86.Build.0 = Debug|Any CPU
		{A93C4524-9BFF-6CC7-61CE-806DF03943E1}.Release|Any CPU.ActiveCfg = Release|Any CPU
		{A93C4524-9BFF-6CC7-61CE-806DF03943E1}.Release|Any CPU.Build.0 = Release|Any CPU
		{A93C4524-9BFF-6CC7-61CE-806DF03943E1}.Release|x64.ActiveCfg = Release|Any CPU
		{A93C4524-9BFF-6CC7-61CE-806DF03943E1}.Release|x64.Build.0 = Release|Any CPU
		{A93C4524-9BFF-6CC7-61CE-806DF03943E1}.Release|x86.ActiveCfg = Release|Any CPU
		{A93C4524-9BFF-6CC7-61CE-806DF03943E1}.Release|x86.Build.0 = Release|Any CPU
		{6A24CE39-2BC4-232E-D3E3-EFA008714A74}.Debug|Any CPU.ActiveCfg = Debug|Any CPU
		{6A24CE39-2BC4-232E-D3E3-EFA008714A74}.Debug|Any CPU.Build.0 = Debug|Any CPU
		{6A24CE39-2BC4-232E-D3E3-EFA008714A74}.Debug|x64.ActiveCfg = Debug|Any CPU
		{6A24CE39-2BC4-232E-D3E3-EFA008714A74}.Debug|x64.Build.0 = Debug|Any CPU
		{6A24CE39-2BC4-232E-D3E3-EFA008714A74}.Debug|x86.ActiveCfg = Debug|Any CPU
		{6A24CE39-2BC4-232E-D3E3-EFA008714A74}.Debug|x86.Build.0 = Debug|Any CPU
		{6A24CE39-2BC4-232E-D3E3-EFA008714A74}.Release|Any CPU.ActiveCfg = Release|Any CPU
		{6A24CE39-2BC4-232E-D3E3-EFA008714A74}.Release|Any CPU.Build.0 = Release|Any CPU
		{6A24CE39-2BC4-232E-D3E3-EFA008714A74}.Release|x64.ActiveCfg = Release|Any CPU
		{6A24CE39-2BC4-232E-D3E3-EFA008714A74}.Release|x64.Build.0 = Release|Any CPU
		{6A24CE39-2BC4-232E-D3E3-EFA008714A74}.Release|x86.ActiveCfg = Release|Any CPU
		{6A24CE39-2BC4-232E-D3E3-EFA008714A74}.Release|x86.Build.0 = Release|Any CPU
		{EA305522-53EE-47AE-A047-0BA419849810}.Debug|Any CPU.ActiveCfg = Debug|Any CPU
		{EA305522-53EE-47AE-A047-0BA419849810}.Debug|Any CPU.Build.0 = Debug|Any CPU
		{EA305522-53EE-47AE-A047-0BA419849810}.Debug|x64.ActiveCfg = Debug|Any CPU
		{EA305522-53EE-47AE-A047-0BA419849810}.Debug|x64.Build.0 = Debug|Any CPU
		{EA305522-53EE-47AE-A047-0BA419849810}.Debug|x86.ActiveCfg = Debug|Any CPU
		{EA305522-53EE-47AE-A047-0BA419849810}.Debug|x86.Build.0 = Debug|Any CPU
		{EA305522-53EE-47AE-A047-0BA419849810}.Release|Any CPU.ActiveCfg = Release|Any CPU
		{EA305522-53EE-47AE-A047-0BA419849810}.Release|Any CPU.Build.0 = Release|Any CPU
		{EA305522-53EE-47AE-A047-0BA419849810}.Release|x64.ActiveCfg = Release|Any CPU
		{EA305522-53EE-47AE-A047-0BA419849810}.Release|x64.Build.0 = Release|Any CPU
		{EA305522-53EE-47AE-A047-0BA419849810}.Release|x86.ActiveCfg = Release|Any CPU
		{EA305522-53EE-47AE-A047-0BA419849810}.Release|x86.Build.0 = Release|Any CPU
		{6DB6FF23-89AD-4F07-A719-ECBC3B9D5737}.Debug|Any CPU.ActiveCfg = Debug|Any CPU
		{6DB6FF23-89AD-4F07-A719-ECBC3B9D5737}.Debug|Any CPU.Build.0 = Debug|Any CPU
		{6DB6FF23-89AD-4F07-A719-ECBC3B9D5737}.Debug|x64.ActiveCfg = Debug|Any CPU
		{6DB6FF23-89AD-4F07-A719-ECBC3B9D5737}.Debug|x64.Build.0 = Debug|Any CPU
		{6DB6FF23-89AD-4F07-A719-ECBC3B9D5737}.Debug|x86.ActiveCfg = Debug|Any CPU
		{6DB6FF23-89AD-4F07-A719-ECBC3B9D5737}.Debug|x86.Build.0 = Debug|Any CPU
		{6DB6FF23-89AD-4F07-A719-ECBC3B9D5737}.Release|Any CPU.ActiveCfg = Release|Any CPU
		{6DB6FF23-89AD-4F07-A719-ECBC3B9D5737}.Release|Any CPU.Build.0 = Release|Any CPU
		{6DB6FF23-89AD-4F07-A719-ECBC3B9D5737}.Release|x64.ActiveCfg = Release|Any CPU
		{6DB6FF23-89AD-4F07-A719-ECBC3B9D5737}.Release|x64.Build.0 = Release|Any CPU
		{6DB6FF23-89AD-4F07-A719-ECBC3B9D5737}.Release|x86.ActiveCfg = Release|Any CPU
		{6DB6FF23-89AD-4F07-A719-ECBC3B9D5737}.Release|x86.Build.0 = Release|Any CPU
	EndGlobalSection
	GlobalSection(SolutionProperties) = preSolution
		HideSolutionNode = FALSE
	EndGlobalSection
	GlobalSection(ExtensibilityGlobals) = postSolution
		SolutionGuid = {4C4CE7F8-0BD0-4F4A-9E4F-2DC8B4E7B50A}
	EndGlobalSection
EndGlobal
